# This file is automatically @generated by Cargo.
# It is not intended for manual editing.
version = 4

[[package]]
name = "anyhow"
version = "1.0.101"
source = "registry+https://github.com/rust-lang/crates.io-index"
checksum = "5f0e0fee31ef5ed1ba1316088939cea399010ed7731dba877ed44aeb407a75ea"

[[package]]
name = "day1"
version = "0.1.0"
dependencies = [
 "anyhow",
]

[[package]]
name = "day10"
version = "0.1.0"
dependencies = [
 "anyhow",
]

[[package]]
name = "day11"
version = "0.1.0"
dependencies = [
 "anyhow",
]

[[package]]
name = "day12"
version = "0.1.0"
dependencies = [
 "anyhow",
]

[[package]]
name = "day13"
version = "0.1.0"
dependencies = [
 "anyhow",
]

[[package]]
name = "day14"
version = "0.1.0"
dependencies = [
 "anyhow",
]

[[package]]
name = "day15"
version = "0.1.0"
dependencies = [
 "anyhow",
]

[[package]]
name = "day16"
version = "0.1.0"
dependencies = [
 "anyhow",
]

[[package]]
name = "day17"
version = "0.1.0"
dependencies = [
 "anyhow",
]

[[package]]
name = "day2"
version = "0.1.0"
dependencies = [
 "anyhow",
]

[[package]]
name = "day3"
version = "0.1.0"
dependencies = [
 "anyhow",
]

[[package]]
name = "day4"
version = "0.1.0"
dependencies = [
 "anyhow",
]

[[package]]
name = "day5"
version = "0.1.0"
dependencies = [
 "anyhow",
]

[[package]]
name = "day6"
version = "0.1.0"
dependencies = [
 "anyhow",
]

[[package]]
name = "day7"
version = "0.1.0"
dependencies = [
 "anyhow",
]

[[package]]
name = "day8"
version = "0.1.0"
dependencies = [
 "anyhow",
]

[[package]]
name = "day9"
version = "0.1.0"
dependencies = [
 "anyhow",
]
