# This file is automatically @generated by Cargo.
# It is not intended for manual editing.
version = 4

[[package]]
name = "anyhow"
version = "1.0.102"
source = "registry+https://github.com/rust-lang/crates.io-index"
checksum = "7f202df86484c868dbad7eaa557ef785d5c66295e41b460ef922eca0723b842c"

[[package]]
name = "day1"
version = "0.1.0"
dependencies = [
 "anyhow",
]

[[package]]
name = "day10"
version = "0.1.0"
dependencies = [
 "anyhow",
]

[[package]]
name = "day11"
version = "0.1.0"
dependencies = [
 "anyhow",
]

[[package]]
name = "day12"
version = "0.1.0"
dependencies = [
 "anyhow",
]

[[package]]
name = "day13"
version = "0.1.0"
dependencies = [
 "anyhow",
]

[[package]]
name = "day14"
version = "0.1.0"
dependencies = [
 "anyhow",
]

[[package]]
name = "day15"
version = "0.1.0"
dependencies = [
 "anyhow",
]

[[package]]
name = "day16"
version = "0.1.0"
dependencies = [
 "anyhow",
]

[[package]]
name = "day17"
version = "0.1.0"
dependencies = [
 "anyhow",
]

[[package]]
name = "day18"
version = "0.1.0"
dependencies = [
 "anyhow",
]

[[package]]
name = "day19"
version = "0.1.0"
dependencies = [
 "anyhow",
]

[[package]]
name = "day2"
version = "0.1.0"
dependencies = [
 "anyhow",
]

[[package]]
name = "day20"
version = "0.1.0"
dependencies = [
 "anyhow",
]

[[package]]
name = "day21"
version = "0.1.0"
dependencies = [
 "anyhow",
]

[[package]]
name = "day22"
version = "0.1.0"
dependencies = [
 "anyhow",
]

[[package]]
name = "day23"
version = "0.1.0"
dependencies = [
 "anyhow",
 "primes",
]

[[package]]
name = "day24"
version = "0.1.0"
dependencies = [
 "anyhow",
]

[[package]]
name = "day3"
version = "0.1.0"
dependencies = [
 "anyhow",
]

[[package]]
name = "day4"
version = "0.1.0"
dependencies = [
 "anyhow",
]

[[package]]
name = "day5"
version = "0.1.0"
dependencies = [
 "anyhow",
]

[[package]]
name = "day6"
version = "0.1.0"
dependencies = [
 "anyhow",
]

[[package]]
name = "day7"
version = "0.1.0"
dependencies = [
 "anyhow",
]

[[package]]
name = "day8"
version = "0.1.0"
dependencies = [
 "anyhow",
]

[[package]]
name = "day9"
version = "0.1.0"
dependencies = [
 "anyhow",
]

[[package]]
name = "primes"
version = "0.4.0"
source = "registry+https://github.com/rust-lang/crates.io-index"
checksum = "0466ef49edd4a5a4bc9d62804a34e89366810bd8bfc3ed537101e3d099f245c5"
