# This file is automatically @generated by Cargo.
# It is not intended for manual editing.
version = 4

[[package]]
name = "aho-corasick"
version = "1.1.3"
source = "registry+https://github.com/rust-lang/crates.io-index"
checksum = "8e60d3430d3a69478ad0993f19238d2df97c507009a52b3c10addcd7f6bcb916"
dependencies = [
 "memchr",
]

[[package]]
name = "anyhow"
version = "1.0.100"
source = "registry+https://github.com/rust-lang/crates.io-index"
checksum = "a23eb6b1614318a8071c9b2521f36b424b2c83db5eb3a0fead4a6c0809af6e61"

[[package]]
name = "day1"
version = "0.1.0"
dependencies = [
 "anyhow",
]

[[package]]
name = "day10"
version = "0.1.0"
dependencies = [
 "anyhow",
 "regex",
]

[[package]]
name = "day11"
version = "0.1.0"
dependencies = [
 "anyhow",
 "itertools",
]

[[package]]
name = "day12"
version = "0.1.0"
dependencies = [
 "anyhow",
]

[[package]]
name = "day13"
version = "0.1.0"
dependencies = [
 "anyhow",
]

[[package]]
name = "day14"
version = "0.1.0"
dependencies = [
 "anyhow",
 "hex",
 "md5",
]

[[package]]
name = "day15"
version = "0.1.0"
dependencies = [
 "anyhow",
]

[[package]]
name = "day16"
version = "0.1.0"
dependencies = [
 "anyhow",
 "itertools",
]

[[package]]
name = "day17"
version = "0.1.0"
dependencies = [
 "anyhow",
 "md5",
]

[[package]]
name = "day18"
version = "0.1.0"
dependencies = [
 "anyhow",
]

[[package]]
name = "day19"
version = "0.1.0"
dependencies = [
 "anyhow",
]

[[package]]
name = "day2"
version = "0.1.0"
dependencies = [
 "anyhow",
]

[[package]]
name = "day20"
version = "0.1.0"
dependencies = [
 "anyhow",
]

[[package]]
name = "day21"
version = "0.1.0"
dependencies = [
 "anyhow",
]

[[package]]
name = "day3"
version = "0.1.0"
dependencies = [
 "anyhow",
 "itertools",
]

[[package]]
name = "day4"
version = "0.1.0"
dependencies = [
 "anyhow",
 "regex",
]

[[package]]
name = "day5"
version = "0.1.0"
dependencies = [
 "anyhow",
 "md5",
]

[[package]]
name = "day6"
version = "0.1.0"
dependencies = [
 "anyhow",
 "log",
]

[[package]]
name = "day7"
version = "0.1.0"
dependencies = [
 "anyhow",
]

[[package]]
name = "day8"
version = "0.1.0"
dependencies = [
 "anyhow",
]

[[package]]
name = "day9"
version = "0.1.0"
dependencies = [
 "anyhow",
]

[[package]]
name = "either"
version = "1.15.0"
source = "registry+https://github.com/rust-lang/crates.io-index"
checksum = "48c757948c5ede0e46177b7add2e67155f70e33c07fea8284df6576da70b3719"

[[package]]
name = "hex"
version = "0.4.3"
source = "registry+https://github.com/rust-lang/crates.io-index"
checksum = "7f24254aa9a54b5c858eaee2f5bccdb46aaf0e486a595ed5fd8f86ba55232a70"

[[package]]
name = "itertools"
version = "0.14.0"
source = "registry+https://github.com/rust-lang/crates.io-index"
checksum = "2b192c782037fadd9cfa75548310488aabdbf3d2da73885b31bd0abd03351285"
dependencies = [
 "either",
]

[[package]]
name = "log"
version = "0.4.28"
source = "registry+https://github.com/rust-lang/crates.io-index"
checksum = "34080505efa8e45a4b816c349525ebe327ceaa8559756f0356cba97ef3bf7432"

[[package]]
name = "md5"
version = "0.8.0"
source = "registry+https://github.com/rust-lang/crates.io-index"
checksum = "ae960838283323069879657ca3de837e9f7bbb4c7bf6ea7f1b290d5e9476d2e0"

[[package]]
name = "memchr"
version = "2.7.6"
source = "registry+https://github.com/rust-lang/crates.io-index"
checksum = "f52b00d39961fc5b2736ea853c9cc86238e165017a493d1d5c8eac6bdc4cc273"

[[package]]
name = "regex"
version = "1.12.1"
source = "registry+https://github.com/rust-lang/crates.io-index"
checksum = "4a52d8d02cacdb176ef4678de6c052efb4b3da14b78e4db683a4252762be5433"
dependencies = [
 "aho-corasick",
 "memchr",
 "regex-automata",
 "regex-syntax",
]

[[package]]
name = "regex-automata"
version = "0.4.12"
source = "registry+https://github.com/rust-lang/crates.io-index"
checksum = "722166aa0d7438abbaa4d5cc2c649dac844e8c56d82fb3d33e9c34b5cd268fc6"
dependencies = [
 "aho-corasick",
 "memchr",
 "regex-syntax",
]

[[package]]
name = "regex-syntax"
version = "0.8.7"
source = "registry+https://github.com/rust-lang/crates.io-index"
checksum = "c3160422bbd54dd5ecfdca71e5fd59b7b8fe2b1697ab2baf64f6d05dcc66d298"
