# This file is automatically @generated by Cargo.
# It is not intended for manual editing.
version = 4

[[package]]
name = "anyhow"
version = "1.0.104"
source = "registry+https://github.com/rust-lang/crates.io-index"
checksum = "330a5ed07fa54e4702c9d6c4174f74427fc0ef6e214bbd677ae50a5099946470"

[[package]]
name = "autocfg"
version = "1.5.1"
source = "registry+https://github.com/rust-lang/crates.io-index"
checksum = "f2032f911046de80f0a198e0901378627c33f59ea0ac00e363d481118bd70a53"

[[package]]
name = "day1"
version = "0.1.0"
dependencies = [
 "anyhow",
]

[[package]]
name = "day10"
version = "0.1.0"
dependencies = [
 "anyhow",
]

[[package]]
name = "day11"
version = "0.1.0"
dependencies = [
 "anyhow",
 "num-integer",
]

[[package]]
name = "day12"
version = "0.1.0"
dependencies = [
 "anyhow",
]

[[package]]
name = "day13"
version = "0.1.0"
dependencies = [
 "anyhow",
]

[[package]]
name = "day14"
version = "0.1.0"
dependencies = [
 "anyhow",
]

[[package]]
name = "day15"
version = "0.1.0"
dependencies = [
 "anyhow",
]

[[package]]
name = "day2"
version = "0.1.0"
dependencies = [
 "anyhow",
]

[[package]]
name = "day3"
version = "0.1.0"
dependencies = [
 "anyhow",
]

[[package]]
name = "day4"
version = "0.1.0"
dependencies = [
 "anyhow",
]

[[package]]
name = "day5"
version = "0.1.0"
dependencies = [
 "anyhow",
]

[[package]]
name = "day6"
version = "0.1.0"
dependencies = [
 "anyhow",
]

[[package]]
name = "day7"
version = "0.1.0"
dependencies = [
 "anyhow",
]

[[package]]
name = "day8"
version = "0.1.0"
dependencies = [
 "anyhow",
]

[[package]]
name = "day9"
version = "0.1.0"
dependencies = [
 "anyhow",
]

[[package]]
name = "num-integer"
version = "0.1.47"
source = "registry+https://github.com/rust-lang/crates.io-index"
checksum = "7ce2d95d4b3734dc35aa2f45e1aa22cd416814592a4f9d9205e11affd5b8e10b"
dependencies = [
 "num-traits",
]

[[package]]
name = "num-traits"
version = "0.2.19"
source = "registry+https://github.com/rust-lang/crates.io-index"
checksum = "071dfc062690e90b734c0b2273ce72ad0ffa95f0c74596bc250dcfd960262841"
dependencies = [
 "autocfg",
]
